hash: 6f9906fa7ad40dff07ca13de5a696fa8a010ecb3bece2dc4a528eb994a45baf9
updated: 2016-06-21T13:14:44.921222388-07:00
imports:
- name: github.com/gorilla/context
  version: 1c83b3eabd45b6d76072b66b746c20815fb2872d
- name: github.com/gorilla/mux
  version: 26a6070f849969ba72b72256e9f14cf519751690
- name: github.com/kelseyhightower/envconfig
  version: 91921eb4cf999321cdbeebdba5a03555800d493b
devImports: []
